
Microsoft Visual Studio Solution File, Format Version 12.00
# Visual Studio Version 17
VisualStudioVersion = 17.0.31903.59
MinimumVisualStudioVersion = 10.0.40219.1
Project("{2150E333-8FDC-42A3-9474-1A3956D46DE8}") = "src", "src", "{827E0CD3-B72D-47B6-A68D-7590B98EB39B}"
EndProject
Project("{2150E333-8FDC-42A3-9474-1A3956D46DE8}") = "CARVES.Runtime.Domain", "CARVES.Runtime.Domain", "{135D66D3-9C98-C624-192D-C6E4500129C8}"
EndProject
Project("{FAE04EC0-301F-11D3-BF4B-00C04F79EFBC}") = "Carves.Runtime.Domain", "src\CARVES.Runtime.Domain\Carves.Runtime.Domain.csproj", "{DDCAEF0F-2203-4F4B-A34A-608EED228A2D}"
EndProject
Project("{2150E333-8FDC-42A3-9474-1A3956D46DE8}") = "CARVES.Runtime.Application", "CARVES.Runtime.Application", "{2F2B88BB-36A3-6DF0-5CB7-20075BD337D3}"
EndProject
Project("{FAE04EC0-301F-11D3-BF4B-00C04F79EFBC}") = "Carves.Runtime.Application", "src\CARVES.Runtime.Application\Carves.Runtime.Application.csproj", "{697FCEE5-28DB-4710-B186-460E6691CCD2}"
EndProject
Project("{2150E333-8FDC-42A3-9474-1A3956D46DE8}") = "CARVES.Runtime.Infrastructure", "CARVES.Runtime.Infrastructure", "{B12402B5-A76E-1567-3501-2ED5E45B8497}"
EndProject
Project("{FAE04EC0-301F-11D3-BF4B-00C04F79EFBC}") = "Carves.Runtime.Infrastructure", "src\CARVES.Runtime.Infrastructure\Carves.Runtime.Infrastructure.csproj", "{F2976944-A170-4461-84F2-7A2776E49F37}"
EndProject
Project("{2150E333-8FDC-42A3-9474-1A3956D46DE8}") = "CARVES.Runtime.Host", "CARVES.Runtime.Host", "{ECF9B12E-BC88-B1AE-72E3-9B15582EC6BC}"
EndProject
Project("{FAE04EC0-301F-11D3-BF4B-00C04F79EFBC}") = "Carves.Runtime.Host", "src\CARVES.Runtime.Host\Carves.Runtime.Host.csproj", "{DC94E9E7-69E6-4A33-942D-CDDD16C4657F}"
EndProject
Project("{2150E333-8FDC-42A3-9474-1A3956D46DE8}") = "tests", "tests", "{0AB3BF05-4346-4AA6-1389-037BE0695223}"
EndProject
Project("{FAE04EC0-301F-11D3-BF4B-00C04F79EFBC}") = "Carves.Runtime.Domain.Tests", "tests\Carves.Runtime.Domain.Tests\Carves.Runtime.Domain.Tests.csproj", "{4CF58C68-955B-4650-BB30-7872114BE4E6}"
EndProject
Project("{FAE04EC0-301F-11D3-BF4B-00C04F79EFBC}") = "Carves.Runtime.Application.Tests", "tests\Carves.Runtime.Application.Tests\Carves.Runtime.Application.Tests.csproj", "{52EE80C5-AE5B-4159-BCE8-7FEDDB21D42A}"
EndProject
Project("{FAE04EC0-301F-11D3-BF4B-00C04F79EFBC}") = "Carves.Runtime.IntegrationTests", "tests\Carves.Runtime.IntegrationTests\Carves.Runtime.IntegrationTests.csproj", "{3C52BD15-3C0A-4992-B6BC-16CBF636DD5C}"
EndProject
Project("{2150E333-8FDC-42A3-9474-1A3956D46DE8}") = "CARVES.Runtime.Cli", "CARVES.Runtime.Cli", "{F50B7F04-B72B-3FEE-BC4A-D2D4F236E5B5}"
EndProject
Project("{FAE04EC0-301F-11D3-BF4B-00C04F79EFBC}") = "carves", "src\CARVES.Runtime.Cli\carves.csproj", "{5BC9E9BF-0C42-43B4-83DD-E59CDF4D701D}"
EndProject
Project("{2150E333-8FDC-42A3-9474-1A3956D46DE8}") = "CARVES.Handoff.Core", "CARVES.Handoff.Core", "{7C9E12CF-0898-4D5F-C88A-041B936307FF}"
EndProject
Project("{FAE04EC0-301F-11D3-BF4B-00C04F79EFBC}") = "Carves.Handoff.Core", "src\CARVES.Handoff.Core\Carves.Handoff.Core.csproj", "{F6764A71-0DF1-432A-8CB3-5A45C5011C3C}"
EndProject
Project("{2150E333-8FDC-42A3-9474-1A3956D46DE8}") = "CARVES.Handoff.Cli", "CARVES.Handoff.Cli", "{9872BFB6-629A-1052-9BBB-01E6FDA8B4F3}"
EndProject
Project("{FAE04EC0-301F-11D3-BF4B-00C04F79EFBC}") = "Carves.Handoff.Cli", "src\CARVES.Handoff.Cli\Carves.Handoff.Cli.csproj", "{279D19B1-8ED0-40D2-8829-45D8DB6DD474}"
EndProject
Project("{FAE04EC0-301F-11D3-BF4B-00C04F79EFBC}") = "Carves.Handoff.Tests", "tests\Carves.Handoff.Tests\Carves.Handoff.Tests.csproj", "{94E185C7-0DC7-4E72-BBB1-2416BC4FAB80}"
EndProject
Project("{2150E333-8FDC-42A3-9474-1A3956D46DE8}") = "CARVES.Audit.Core", "CARVES.Audit.Core", "{11F33CBF-9B02-3085-03C4-57E39C89AA16}"
EndProject
Project("{FAE04EC0-301F-11D3-BF4B-00C04F79EFBC}") = "Carves.Audit.Core", "src\CARVES.Audit.Core\Carves.Audit.Core.csproj", "{B434C963-DD7E-473A-A65B-CE9744AA282A}"
EndProject
Project("{2150E333-8FDC-42A3-9474-1A3956D46DE8}") = "CARVES.Audit.Cli", "CARVES.Audit.Cli", "{104E65C6-0311-9C72-ABCE-58B3AD17A8E0}"
EndProject
Project("{FAE04EC0-301F-11D3-BF4B-00C04F79EFBC}") = "Carves.Audit.Cli", "src\CARVES.Audit.Cli\Carves.Audit.Cli.csproj", "{97886D69-F740-4F00-B036-E6E92828D96D}"
EndProject
Project("{FAE04EC0-301F-11D3-BF4B-00C04F79EFBC}") = "Carves.Audit.Tests", "tests\Carves.Audit.Tests\Carves.Audit.Tests.csproj", "{3B88EF25-9385-4793-A8BC-9E19FE5AEF41}"
EndProject
Project("{2150E333-8FDC-42A3-9474-1A3956D46DE8}") = "CARVES.Guard.Core", "CARVES.Guard.Core", "{2E820C96-76CB-AB85-26C6-E58EE5A4C4A2}"
EndProject
Project("{FAE04EC0-301F-11D3-BF4B-00C04F79EFBC}") = "Carves.Guard.Core", "src\CARVES.Guard.Core\Carves.Guard.Core.csproj", "{8D7CF36D-CBC7-49DF-B3FB-6089A7C9D5A8}"
EndProject
Project("{2150E333-8FDC-42A3-9474-1A3956D46DE8}") = "CARVES.Guard.Cli", "CARVES.Guard.Cli", "{70B73172-81A2-ED90-2427-91077EDE6940}"
EndProject
Project("{FAE04EC0-301F-11D3-BF4B-00C04F79EFBC}") = "Carves.Guard.Cli", "src\CARVES.Guard.Cli\Carves.Guard.Cli.csproj", "{B94A9EC5-945F-4868-869B-C83495D78EDC}"
EndProject
Project("{2150E333-8FDC-42A3-9474-1A3956D46DE8}") = "CARVES.Shield.Core", "CARVES.Shield.Core", "{FD89214D-5007-E028-6619-7E577CCC9926}"
EndProject
Project("{FAE04EC0-301F-11D3-BF4B-00C04F79EFBC}") = "Carves.Shield.Core", "src\CARVES.Shield.Core\Carves.Shield.Core.csproj", "{C4B70825-AF59-4ED5-A34F-A6E40C517184}"
EndProject
Project("{2150E333-8FDC-42A3-9474-1A3956D46DE8}") = "CARVES.Shield.Cli", "CARVES.Shield.Cli", "{78BED0B6-CFC8-5E10-B46F-F3CB67A54FE6}"
EndProject
Project("{FAE04EC0-301F-11D3-BF4B-00C04F79EFBC}") = "Carves.Shield.Cli", "src\CARVES.Shield.Cli\Carves.Shield.Cli.csproj", "{0353C74A-0F8E-4849-B3A6-6680E3D331A8}"
EndProject
Project("{2150E333-8FDC-42A3-9474-1A3956D46DE8}") = "CARVES.Matrix.Core", "CARVES.Matrix.Core", "{3F70E8CB-0E6F-3239-9F08-7B8B0AB84C4E}"
EndProject
Project("{FAE04EC0-301F-11D3-BF4B-00C04F79EFBC}") = "Carves.Matrix.Core", "src\CARVES.Matrix.Core\Carves.Matrix.Core.csproj", "{E3C73EAB-E3A2-4A44-9901-38EBC68704FC}"
EndProject
Project("{2150E333-8FDC-42A3-9474-1A3956D46DE8}") = "CARVES.Matrix.Cli", "CARVES.Matrix.Cli", "{E45847F0-C2ED-94B5-62B1-522B154BFB30}"
EndProject
Project("{FAE04EC0-301F-11D3-BF4B-00C04F79EFBC}") = "Carves.Matrix.Cli", "src\CARVES.Matrix.Cli\Carves.Matrix.Cli.csproj", "{8B2104EA-49B1-407C-836E-E7F74938473F}"
EndProject
Project("{FAE04EC0-301F-11D3-BF4B-00C04F79EFBC}") = "Carves.Matrix.Tests", "tests\Carves.Matrix.Tests\Carves.Matrix.Tests.csproj", "{2F8EBB06-84D2-4C80-9F91-7AFA3A44245D}"
EndProject
Project("{FAE04EC0-301F-11D3-BF4B-00C04F79EFBC}") = "Carves.Shield.Tests", "tests\Carves.Shield.Tests\Carves.Shield.Tests.csproj", "{5E703F01-A670-4907-9306-D1831FD29496}"
EndProject
Global
	GlobalSection(SolutionConfigurationPlatforms) = preSolution
		Debug|Any CPU = Debug|Any CPU
		Debug|x64 = Debug|x64
		Debug|x86 = Debug|x86
		Release|Any CPU = Release|Any CPU
		Release|x64 = Release|x64
		Release|x86 = Release|x86
	EndGlobalSection
	GlobalSection(ProjectConfigurationPlatforms) = postSolution
		{DDCAEF0F-2203-4F4B-A34A-608EED228A2D}.Debug|Any CPU.ActiveCfg = Debug|Any CPU
		{DDCAEF0F-2203-4F4B-A34A-608EED228A2D}.Debug|Any CPU.Build.0 = Debug|Any CPU
		{DDCAEF0F-2203-4F4B-A34A-608EED228A2D}.Debug|x64.ActiveCfg = Debug|Any CPU
		{DDCAEF0F-2203-4F4B-A34A-608EED228A2D}.Debug|x64.Build.0 = Debug|Any CPU
		{DDCAEF0F-2203-4F4B-A34A-608EED228A2D}.Debug|x86.ActiveCfg = Debug|Any CPU
		{DDCAEF0F-2203-4F4B-A34A-608EED228A2D}.Debug|x86.Build.0 = Debug|Any CPU
		{DDCAEF0F-2203-4F4B-A34A-608EED228A2D}.Release|Any CPU.ActiveCfg = Release|Any CPU
		{DDCAEF0F-2203-4F4B-A34A-608EED228A2D}.Release|Any CPU.Build.0 = Release|Any CPU
		{DDCAEF0F-2203-4F4B-A34A-608EED228A2D}.Release|x64.ActiveCfg = Release|Any CPU
		{DDCAEF0F-2203-4F4B-A34A-608EED228A2D}.Release|x64.Build.0 = Release|Any CPU
		{DDCAEF0F-2203-4F4B-A34A-608EED228A2D}.Release|x86.ActiveCfg = Release|Any CPU
		{DDCAEF0F-2203-4F4B-A34A-608EED228A2D}.Release|x86.Build.0 = Release|Any CPU
		{697FCEE5-28DB-4710-B186-460E6691CCD2}.Debug|Any CPU.ActiveCfg = Debug|Any CPU
		{697FCEE5-28DB-4710-B186-460E6691CCD2}.Debug|Any CPU.Build.0 = Debug|Any CPU
		{697FCEE5-28DB-4710-B186-460E6691CCD2}.Debug|x64.ActiveCfg = Debug|Any CPU
		{697FCEE5-28DB-4710-B186-460E6691CCD2}.Debug|x64.Build.0 = Debug|Any CPU
		{697FCEE5-28DB-4710-B186-460E6691CCD2}.Debug|x86.ActiveCfg = Debug|Any CPU
		{697FCEE5-28DB-4710-B186-460E6691CCD2}.Debug|x86.Build.0 = Debug|Any CPU
		{697FCEE5-28DB-4710-B186-460E6691CCD2}.Release|Any CPU.ActiveCfg = Release|Any CPU
		{697FCEE5-28DB-4710-B186-460E6691CCD2}.Release|Any CPU.Build.0 = Release|Any CPU
		{697FCEE5-28DB-4710-B186-460E6691CCD2}.Release|x64.ActiveCfg = Release|Any CPU
		{697FCEE5-28DB-4710-B186-460E6691CCD2}.Release|x64.Build.0 = Release|Any CPU
		{697FCEE5-28DB-4710-B186-460E6691CCD2}.Release|x86.ActiveCfg = Release|Any CPU
		{697FCEE5-28DB-4710-B186-460E6691CCD2}.Release|x86.Build.0 = Release|Any CPU
		{F2976944-A170-4461-84F2-7A2776E49F37}.Debug|Any CPU.ActiveCfg = Debug|Any CPU
		{F2976944-A170-4461-84F2-7A2776E49F37}.Debug|Any CPU.Build.0 = Debug|Any CPU
		{F2976944-A170-4461-84F2-7A2776E49F37}.Debug|x64.ActiveCfg = Debug|Any CPU
		{F2976944-A170-4461-84F2-7A2776E49F37}.Debug|x64.Build.0 = Debug|Any CPU
		{F2976944-A170-4461-84F2-7A2776E49F37}.Debug|x86.ActiveCfg = Debug|Any CPU
		{F2976944-A170-4461-84F2-7A2776E49F37}.Debug|x86.Build.0 = Debug|Any CPU
		{F2976944-A170-4461-84F2-7A2776E49F37}.Release|Any CPU.ActiveCfg = Release|Any CPU
		{F2976944-A170-4461-84F2-7A2776E49F37}.Release|Any CPU.Build.0 = Release|Any CPU
		{F2976944-A170-4461-84F2-7A2776E49F37}.Release|x64.ActiveCfg = Release|Any CPU
		{F2976944-A170-4461-84F2-7A2776E49F37}.Release|x64.Build.0 = Release|Any CPU
		{F2976944-A170-4461-84F2-7A2776E49F37}.Release|x86.ActiveCfg = Release|Any CPU
		{F2976944-A170-4461-84F2-7A2776E49F37}.Release|x86.Build.0 = Release|Any CPU
		{DC94E9E7-69E6-4A33-942D-CDDD16C4657F}.Debug|Any CPU.ActiveCfg = Debug|Any CPU
		{DC94E9E7-69E6-4A33-942D-CDDD16C4657F}.Debug|Any CPU.Build.0 = Debug|Any CPU
		{DC94E9E7-69E6-4A33-942D-CDDD16C4657F}.Debug|x64.ActiveCfg = Debug|Any CPU
		{DC94E9E7-69E6-4A33-942D-CDDD16C4657F}.Debug|x64.Build.0 = Debug|Any CPU
		{DC94E9E7-69E6-4A33-942D-CDDD16C4657F}.Debug|x86.ActiveCfg = Debug|Any CPU
		{DC94E9E7-69E6-4A33-942D-CDDD16C4657F}.Debug|x86.Build.0 = Debug|Any CPU
		{DC94E9E7-69E6-4A33-942D-CDDD16C4657F}.Release|Any CPU.ActiveCfg = Release|Any CPU
		{DC94E9E7-69E6-4A33-942D-CDDD16C4657F}.Release|Any CPU.Build.0 = Release|Any CPU
		{DC94E9E7-69E6-4A33-942D-CDDD16C4657F}.Release|x64.ActiveCfg = Release|Any CPU
		{DC94E9E7-69E6-4A33-942D-CDDD16C4657F}.Release|x64.Build.0 = Release|Any CPU
		{DC94E9E7-69E6-4A33-942D-CDDD16C4657F}.Release|x86.ActiveCfg = Release|Any CPU
		{DC94E9E7-69E6-4A33-942D-CDDD16C4657F}.Release|x86.Build.0 = Release|Any CPU
		{4CF58C68-955B-4650-BB30-7872114BE4E6}.Debug|Any CPU.ActiveCfg = Debug|Any CPU
		{4CF58C68-955B-4650-BB30-7872114BE4E6}.Debug|Any CPU.Build.0 = Debug|Any CPU
		{4CF58C68-955B-4650-BB30-7872114BE4E6}.Debug|x64.ActiveCfg = Debug|Any CPU
		{4CF58C68-955B-4650-BB30-7872114BE4E6}.Debug|x64.Build.0 = Debug|Any CPU
		{4CF58C68-955B-4650-BB30-7872114BE4E6}.Debug|x86.ActiveCfg = Debug|Any CPU
		{4CF58C68-955B-4650-BB30-7872114BE4E6}.Debug|x86.Build.0 = Debug|Any CPU
		{4CF58C68-955B-4650-BB30-7872114BE4E6}.Release|Any CPU.ActiveCfg = Release|Any CPU
		{4CF58C68-955B-4650-BB30-7872114BE4E6}.Release|Any CPU.Build.0 = Release|Any CPU
		{4CF58C68-955B-4650-BB30-7872114BE4E6}.Release|x64.ActiveCfg = Release|Any CPU
		{4CF58C68-955B-4650-BB30-7872114BE4E6}.Release|x64.Build.0 = Release|Any CPU
		{4CF58C68-955B-4650-BB30-7872114BE4E6}.Release|x86.ActiveCfg = Release|Any CPU
		{4CF58C68-955B-4650-BB30-7872114BE4E6}.Release|x86.Build.0 = Release|Any CPU
		{52EE80C5-AE5B-4159-BCE8-7FEDDB21D42A}.Debug|Any CPU.ActiveCfg = Debug|Any CPU
		{52EE80C5-AE5B-4159-BCE8-7FEDDB21D42A}.Debug|Any CPU.Build.0 = Debug|Any CPU
		{52EE80C5-AE5B-4159-BCE8-7FEDDB21D42A}.Debug|x64.ActiveCfg = Debug|Any CPU
		{52EE80C5-AE5B-4159-BCE8-7FEDDB21D42A}.Debug|x64.Build.0 = Debug|Any CPU
		{52EE80C5-AE5B-4159-BCE8-7FEDDB21D42A}.Debug|x86.ActiveCfg = Debug|Any CPU
		{52EE80C5-AE5B-4159-BCE8-7FEDDB21D42A}.Debug|x86.Build.0 = Debug|Any CPU
		{52EE80C5-AE5B-4159-BCE8-7FEDDB21D42A}.Release|Any CPU.ActiveCfg = Release|Any CPU
		{52EE80C5-AE5B-4159-BCE8-7FEDDB21D42A}.Release|Any CPU.Build.0 = Release|Any CPU
		{52EE80C5-AE5B-4159-BCE8-7FEDDB21D42A}.Release|x64.ActiveCfg = Release|Any CPU
		{52EE80C5-AE5B-4159-BCE8-7FEDDB21D42A}.Release|x64.Build.0 = Release|Any CPU
		{52EE80C5-AE5B-4159-BCE8-7FEDDB21D42A}.Release|x86.ActiveCfg = Release|Any CPU
		{52EE80C5-AE5B-4159-BCE8-7FEDDB21D42A}.Release|x86.Build.0 = Release|Any CPU
		{3C52BD15-3C0A-4992-B6BC-16CBF636DD5C}.Debug|Any CPU.ActiveCfg = Debug|Any CPU
		{3C52BD15-3C0A-4992-B6BC-16CBF636DD5C}.Debug|Any CPU.Build.0 = Debug|Any CPU
		{3C52BD15-3C0A-4992-B6BC-16CBF636DD5C}.Debug|x64.ActiveCfg = Debug|Any CPU
		{3C52BD15-3C0A-4992-B6BC-16CBF636DD5C}.Debug|x64.Build.0 = Debug|Any CPU
		{3C52BD15-3C0A-4992-B6BC-16CBF636DD5C}.Debug|x86.ActiveCfg = Debug|Any CPU
		{3C52BD15-3C0A-4992-B6BC-16CBF636DD5C}.Debug|x86.Build.0 = Debug|Any CPU
		{3C52BD15-3C0A-4992-B6BC-16CBF636DD5C}.Release|Any CPU.ActiveCfg = Release|Any CPU
		{3C52BD15-3C0A-4992-B6BC-16CBF636DD5C}.Release|Any CPU.Build.0 = Release|Any CPU
		{3C52BD15-3C0A-4992-B6BC-16CBF636DD5C}.Release|x64.ActiveCfg = Release|Any CPU
		{3C52BD15-3C0A-4992-B6BC-16CBF636DD5C}.Release|x64.Build.0 = Release|Any CPU
		{3C52BD15-3C0A-4992-B6BC-16CBF636DD5C}.Release|x86.ActiveCfg = Release|Any CPU
		{3C52BD15-3C0A-4992-B6BC-16CBF636DD5C}.Release|x86.Build.0 = Release|Any CPU
		{5BC9E9BF-0C42-43B4-83DD-E59CDF4D701D}.Debug|Any CPU.ActiveCfg = Debug|Any CPU
		{5BC9E9BF-0C42-43B4-83DD-E59CDF4D701D}.Debug|Any CPU.Build.0 = Debug|Any CPU
		{5BC9E9BF-0C42-43B4-83DD-E59CDF4D701D}.Debug|x64.ActiveCfg = Debug|Any CPU
		{5BC9E9BF-0C42-43B4-83DD-E59CDF4D701D}.Debug|x64.Build.0 = Debug|Any CPU
		{5BC9E9BF-0C42-43B4-83DD-E59CDF4D701D}.Debug|x86.ActiveCfg = Debug|Any CPU
		{5BC9E9BF-0C42-43B4-83DD-E59CDF4D701D}.Debug|x86.Build.0 = Debug|Any CPU
		{5BC9E9BF-0C42-43B4-83DD-E59CDF4D701D}.Release|Any CPU.ActiveCfg = Release|Any CPU
		{5BC9E9BF-0C42-43B4-83DD-E59CDF4D701D}.Release|Any CPU.Build.0 = Release|Any CPU
		{5BC9E9BF-0C42-43B4-83DD-E59CDF4D701D}.Release|x64.ActiveCfg = Release|Any CPU
		{5BC9E9BF-0C42-43B4-83DD-E59CDF4D701D}.Release|x64.Build.0 = Release|Any CPU
		{5BC9E9BF-0C42-43B4-83DD-E59CDF4D701D}.Release|x86.ActiveCfg = Release|Any CPU
		{5BC9E9BF-0C42-43B4-83DD-E59CDF4D701D}.Release|x86.Build.0 = Release|Any CPU
		{F6764A71-0DF1-432A-8CB3-5A45C5011C3C}.Debug|Any CPU.ActiveCfg = Debug|Any CPU
		{F6764A71-0DF1-432A-8CB3-5A45C5011C3C}.Debug|Any CPU.Build.0 = Debug|Any CPU
		{F6764A71-0DF1-432A-8CB3-5A45C5011C3C}.Debug|x64.ActiveCfg = Debug|Any CPU
		{F6764A71-0DF1-432A-8CB3-5A45C5011C3C}.Debug|x64.Build.0 = Debug|Any CPU
		{F6764A71-0DF1-432A-8CB3-5A45C5011C3C}.Debug|x86.ActiveCfg = Debug|Any CPU
		{F6764A71-0DF1-432A-8CB3-5A45C5011C3C}.Debug|x86.Build.0 = Debug|Any CPU
		{F6764A71-0DF1-432A-8CB3-5A45C5011C3C}.Release|Any CPU.ActiveCfg = Release|Any CPU
		{F6764A71-0DF1-432A-8CB3-5A45C5011C3C}.Release|Any CPU.Build.0 = Release|Any CPU
		{F6764A71-0DF1-432A-8CB3-5A45C5011C3C}.Release|x64.ActiveCfg = Release|Any CPU
		{F6764A71-0DF1-432A-8CB3-5A45C5011C3C}.Release|x64.Build.0 = Release|Any CPU
		{F6764A71-0DF1-432A-8CB3-5A45C5011C3C}.Release|x86.ActiveCfg = Release|Any CPU
		{F6764A71-0DF1-432A-8CB3-5A45C5011C3C}.Release|x86.Build.0 = Release|Any CPU
		{279D19B1-8ED0-40D2-8829-45D8DB6DD474}.Debug|Any CPU.ActiveCfg = Debug|Any CPU
		{279D19B1-8ED0-40D2-8829-45D8DB6DD474}.Debug|Any CPU.Build.0 = Debug|Any CPU
		{279D19B1-8ED0-40D2-8829-45D8DB6DD474}.Debug|x64.ActiveCfg = Debug|Any CPU
		{279D19B1-8ED0-40D2-8829-45D8DB6DD474}.Debug|x64.Build.0 = Debug|Any CPU
		{279D19B1-8ED0-40D2-8829-45D8DB6DD474}.Debug|x86.ActiveCfg = Debug|Any CPU
		{279D19B1-8ED0-40D2-8829-45D8DB6DD474}.Debug|x86.Build.0 = Debug|Any CPU
		{279D19B1-8ED0-40D2-8829-45D8DB6DD474}.Release|Any CPU.ActiveCfg = Release|Any CPU
		{279D19B1-8ED0-40D2-8829-45D8DB6DD474}.Release|Any CPU.Build.0 = Release|Any CPU
		{279D19B1-8ED0-40D2-8829-45D8DB6DD474}.Release|x64.ActiveCfg = Release|Any CPU
		{279D19B1-8ED0-40D2-8829-45D8DB6DD474}.Release|x64.Build.0 = Release|Any CPU
		{279D19B1-8ED0-40D2-8829-45D8DB6DD474}.Release|x86.ActiveCfg = Release|Any CPU
		{279D19B1-8ED0-40D2-8829-45D8DB6DD474}.Release|x86.Build.0 = Release|Any CPU
		{94E185C7-0DC7-4E72-BBB1-2416BC4FAB80}.Debug|Any CPU.ActiveCfg = Debug|Any CPU
		{94E185C7-0DC7-4E72-BBB1-2416BC4FAB80}.Debug|Any CPU.Build.0 = Debug|Any CPU
		{94E185C7-0DC7-4E72-BBB1-2416BC4FAB80}.Debug|x64.ActiveCfg = Debug|Any CPU
		{94E185C7-0DC7-4E72-BBB1-2416BC4FAB80}.Debug|x64.Build.0 = Debug|Any CPU
		{94E185C7-0DC7-4E72-BBB1-2416BC4FAB80}.Debug|x86.ActiveCfg = Debug|Any CPU
		{94E185C7-0DC7-4E72-BBB1-2416BC4FAB80}.Debug|x86.Build.0 = Debug|Any CPU
		{94E185C7-0DC7-4E72-BBB1-2416BC4FAB80}.Release|Any CPU.ActiveCfg = Release|Any CPU
		{94E185C7-0DC7-4E72-BBB1-2416BC4FAB80}.Release|Any CPU.Build.0 = Release|Any CPU
		{94E185C7-0DC7-4E72-BBB1-2416BC4FAB80}.Release|x64.ActiveCfg = Release|Any CPU
		{94E185C7-0DC7-4E72-BBB1-2416BC4FAB80}.Release|x64.Build.0 = Release|Any CPU
		{94E185C7-0DC7-4E72-BBB1-2416BC4FAB80}.Release|x86.ActiveCfg = Release|Any CPU
		{94E185C7-0DC7-4E72-BBB1-2416BC4FAB80}.Release|x86.Build.0 = Release|Any CPU
		{B434C963-DD7E-473A-A65B-CE9744AA282A}.Debug|Any CPU.ActiveCfg = Debug|Any CPU
		{B434C963-DD7E-473A-A65B-CE9744AA282A}.Debug|Any CPU.Build.0 = Debug|Any CPU
		{B434C963-DD7E-473A-A65B-CE9744AA282A}.Debug|x64.ActiveCfg = Debug|Any CPU
		{B434C963-DD7E-473A-A65B-CE9744AA282A}.Debug|x64.Build.0 = Debug|Any CPU
		{B434C963-DD7E-473A-A65B-CE9744AA282A}.Debug|x86.ActiveCfg = Debug|Any CPU
		{B434C963-DD7E-473A-A65B-CE9744AA282A}.Debug|x86.Build.0 = Debug|Any CPU
		{B434C963-DD7E-473A-A65B-CE9744AA282A}.Release|Any CPU.ActiveCfg = Release|Any CPU
		{B434C963-DD7E-473A-A65B-CE9744AA282A}.Release|Any CPU.Build.0 = Release|Any CPU
		{B434C963-DD7E-473A-A65B-CE9744AA282A}.Release|x64.ActiveCfg = Release|Any CPU
		{B434C963-DD7E-473A-A65B-CE9744AA282A}.Release|x64.Build.0 = Release|Any CPU
		{B434C963-DD7E-473A-A65B-CE9744AA282A}.Release|x86.ActiveCfg = Release|Any CPU
		{B434C963-DD7E-473A-A65B-CE9744AA282A}.Release|x86.Build.0 = Release|Any CPU
		{97886D69-F740-4F00-B036-E6E92828D96D}.Debug|Any CPU.ActiveCfg = Debug|Any CPU
		{97886D69-F740-4F00-B036-E6E92828D96D}.Debug|Any CPU.Build.0 = Debug|Any CPU
		{97886D69-F740-4F00-B036-E6E92828D96D}.Debug|x64.ActiveCfg = Debug|Any CPU
		{97886D69-F740-4F00-B036-E6E92828D96D}.Debug|x64.Build.0 = Debug|Any CPU
		{97886D69-F740-4F00-B036-E6E92828D96D}.Debug|x86.ActiveCfg = Debug|Any CPU
		{97886D69-F740-4F00-B036-E6E92828D96D}.Debug|x86.Build.0 = Debug|Any CPU
		{97886D69-F740-4F00-B036-E6E92828D96D}.Release|Any CPU.ActiveCfg = Release|Any CPU
		{97886D69-F740-4F00-B036-E6E92828D96D}.Release|Any CPU.Build.0 = Release|Any CPU
		{97886D69-F740-4F00-B036-E6E92828D96D}.Release|x64.ActiveCfg = Release|Any CPU
		{97886D69-F740-4F00-B036-E6E92828D96D}.Release|x64.Build.0 = Release|Any CPU
		{97886D69-F740-4F00-B036-E6E92828D96D}.Release|x86.ActiveCfg = Release|Any CPU
		{97886D69-F740-4F00-B036-E6E92828D96D}.Release|x86.Build.0 = Release|Any CPU
		{3B88EF25-9385-4793-A8BC-9E19FE5AEF41}.Debug|Any CPU.ActiveCfg = Debug|Any CPU
		{3B88EF25-9385-4793-A8BC-9E19FE5AEF41}.Debug|Any CPU.Build.0 = Debug|Any CPU
		{3B88EF25-9385-4793-A8BC-9E19FE5AEF41}.Debug|x64.ActiveCfg = Debug|Any CPU
		{3B88EF25-9385-4793-A8BC-9E19FE5AEF41}.Debug|x64.Build.0 = Debug|Any CPU
		{3B88EF25-9385-4793-A8BC-9E19FE5AEF41}.Debug|x86.ActiveCfg = Debug|Any CPU
		{3B88EF25-9385-4793-A8BC-9E19FE5AEF41}.Debug|x86.Build.0 = Debug|Any CPU
		{3B88EF25-9385-4793-A8BC-9E19FE5AEF41}.Release|Any CPU.ActiveCfg = Release|Any CPU
		{3B88EF25-9385-4793-A8BC-9E19FE5AEF41}.Release|Any CPU.Build.0 = Release|Any CPU
		{3B88EF25-9385-4793-A8BC-9E19FE5AEF41}.Release|x64.ActiveCfg = Release|Any CPU
		{3B88EF25-9385-4793-A8BC-9E19FE5AEF41}.Release|x64.Build.0 = Release|Any CPU
		{3B88EF25-9385-4793-A8BC-9E19FE5AEF41}.Release|x86.ActiveCfg = Release|Any CPU
		{3B88EF25-9385-4793-A8BC-9E19FE5AEF41}.Release|x86.Build.0 = Release|Any CPU
		{8D7CF36D-CBC7-49DF-B3FB-6089A7C9D5A8}.Debug|Any CPU.ActiveCfg = Debug|Any CPU
		{8D7CF36D-CBC7-49DF-B3FB-6089A7C9D5A8}.Debug|Any CPU.Build.0 = Debug|Any CPU
		{8D7CF36D-CBC7-49DF-B3FB-6089A7C9D5A8}.Debug|x64.ActiveCfg = Debug|Any CPU
		{8D7CF36D-CBC7-49DF-B3FB-6089A7C9D5A8}.Debug|x64.Build.0 = Debug|Any CPU
		{8D7CF36D-CBC7-49DF-B3FB-6089A7C9D5A8}.Debug|x86.ActiveCfg = Debug|Any CPU
		{8D7CF36D-CBC7-49DF-B3FB-6089A7C9D5A8}.Debug|x86.Build.0 = Debug|Any CPU
		{8D7CF36D-CBC7-49DF-B3FB-6089A7C9D5A8}.Release|Any CPU.ActiveCfg = Release|Any CPU
		{8D7CF36D-CBC7-49DF-B3FB-6089A7C9D5A8}.Release|Any CPU.Build.0 = Release|Any CPU
		{8D7CF36D-CBC7-49DF-B3FB-6089A7C9D5A8}.Release|x64.ActiveCfg = Release|Any CPU
		{8D7CF36D-CBC7-49DF-B3FB-6089A7C9D5A8}.Release|x64.Build.0 = Release|Any CPU
		{8D7CF36D-CBC7-49DF-B3FB-6089A7C9D5A8}.Release|x86.ActiveCfg = Release|Any CPU
		{8D7CF36D-CBC7-49DF-B3FB-6089A7C9D5A8}.Release|x86.Build.0 = Release|Any CPU
		{B94A9EC5-945F-4868-869B-C83495D78EDC}.Debug|Any CPU.ActiveCfg = Debug|Any CPU
		{B94A9EC5-945F-4868-869B-C83495D78EDC}.Debug|Any CPU.Build.0 = Debug|Any CPU
		{B94A9EC5-945F-4868-869B-C83495D78EDC}.Debug|x64.ActiveCfg = Debug|Any CPU
		{B94A9EC5-945F-4868-869B-C83495D78EDC}.Debug|x64.Build.0 = Debug|Any CPU
		{B94A9EC5-945F-4868-869B-C83495D78EDC}.Debug|x86.ActiveCfg = Debug|Any CPU
		{B94A9EC5-945F-4868-869B-C83495D78EDC}.Debug|x86.Build.0 = Debug|Any CPU
		{B94A9EC5-945F-4868-869B-C83495D78EDC}.Release|Any CPU.ActiveCfg = Release|Any CPU
		{B94A9EC5-945F-4868-869B-C83495D78EDC}.Release|Any CPU.Build.0 = Release|Any CPU
		{B94A9EC5-945F-4868-869B-C83495D78EDC}.Release|x64.ActiveCfg = Release|Any CPU
		{B94A9EC5-945F-4868-869B-C83495D78EDC}.Release|x64.Build.0 = Release|Any CPU
		{B94A9EC5-945F-4868-869B-C83495D78EDC}.Release|x86.ActiveCfg = Release|Any CPU
		{B94A9EC5-945F-4868-869B-C83495D78EDC}.Release|x86.Build.0 = Release|Any CPU
		{C4B70825-AF59-4ED5-A34F-A6E40C517184}.Debug|Any CPU.ActiveCfg = Debug|Any CPU
		{C4B70825-AF59-4ED5-A34F-A6E40C517184}.Debug|Any CPU.Build.0 = Debug|Any CPU
		{C4B70825-AF59-4ED5-A34F-A6E40C517184}.Debug|x64.ActiveCfg = Debug|Any CPU
		{C4B70825-AF59-4ED5-A34F-A6E40C517184}.Debug|x64.Build.0 = Debug|Any CPU
		{C4B70825-AF59-4ED5-A34F-A6E40C517184}.Debug|x86.ActiveCfg = Debug|Any CPU
		{C4B70825-AF59-4ED5-A34F-A6E40C517184}.Debug|x86.Build.0 = Debug|Any CPU
		{C4B70825-AF59-4ED5-A34F-A6E40C517184}.Release|Any CPU.ActiveCfg = Release|Any CPU
		{C4B70825-AF59-4ED5-A34F-A6E40C517184}.Release|Any CPU.Build.0 = Release|Any CPU
		{C4B70825-AF59-4ED5-A34F-A6E40C517184}.Release|x64.ActiveCfg = Release|Any CPU
		{C4B70825-AF59-4ED5-A34F-A6E40C517184}.Release|x64.Build.0 = Release|Any CPU
		{C4B70825-AF59-4ED5-A34F-A6E40C517184}.Release|x86.ActiveCfg = Release|Any CPU
		{C4B70825-AF59-4ED5-A34F-A6E40C517184}.Release|x86.Build.0 = Release|Any CPU
		{0353C74A-0F8E-4849-B3A6-6680E3D331A8}.Debug|Any CPU.ActiveCfg = Debug|Any CPU
		{0353C74A-0F8E-4849-B3A6-6680E3D331A8}.Debug|Any CPU.Build.0 = Debug|Any CPU
		{0353C74A-0F8E-4849-B3A6-6680E3D331A8}.Debug|x64.ActiveCfg = Debug|Any CPU
		{0353C74A-0F8E-4849-B3A6-6680E3D331A8}.Debug|x64.Build.0 = Debug|Any CPU
		{0353C74A-0F8E-4849-B3A6-6680E3D331A8}.Debug|x86.ActiveCfg = Debug|Any CPU
		{0353C74A-0F8E-4849-B3A6-6680E3D331A8}.Debug|x86.Build.0 = Debug|Any CPU
		{0353C74A-0F8E-4849-B3A6-6680E3D331A8}.Release|Any CPU.ActiveCfg = Release|Any CPU
		{0353C74A-0F8E-4849-B3A6-6680E3D331A8}.Release|Any CPU.Build.0 = Release|Any CPU
		{0353C74A-0F8E-4849-B3A6-6680E3D331A8}.Release|x64.ActiveCfg = Release|Any CPU
		{0353C74A-0F8E-4849-B3A6-6680E3D331A8}.Release|x64.Build.0 = Release|Any CPU
		{0353C74A-0F8E-4849-B3A6-6680E3D331A8}.Release|x86.ActiveCfg = Release|Any CPU
		{0353C74A-0F8E-4849-B3A6-6680E3D331A8}.Release|x86.Build.0 = Release|Any CPU
		{E3C73EAB-E3A2-4A44-9901-38EBC68704FC}.Debug|Any CPU.ActiveCfg = Debug|Any CPU
		{E3C73EAB-E3A2-4A44-9901-38EBC68704FC}.Debug|Any CPU.Build.0 = Debug|Any CPU
		{E3C73EAB-E3A2-4A44-9901-38EBC68704FC}.Debug|x64.ActiveCfg = Debug|Any CPU
		{E3C73EAB-E3A2-4A44-9901-38EBC68704FC}.Debug|x64.Build.0 = Debug|Any CPU
		{E3C73EAB-E3A2-4A44-9901-38EBC68704FC}.Debug|x86.ActiveCfg = Debug|Any CPU
		{E3C73EAB-E3A2-4A44-9901-38EBC68704FC}.Debug|x86.Build.0 = Debug|Any CPU
		{E3C73EAB-E3A2-4A44-9901-38EBC68704FC}.Release|Any CPU.ActiveCfg = Release|Any CPU
		{E3C73EAB-E3A2-4A44-9901-38EBC68704FC}.Release|Any CPU.Build.0 = Release|Any CPU
		{E3C73EAB-E3A2-4A44-9901-38EBC68704FC}.Release|x64.ActiveCfg = Release|Any CPU
		{E3C73EAB-E3A2-4A44-9901-38EBC68704FC}.Release|x64.Build.0 = Release|Any CPU
		{E3C73EAB-E3A2-4A44-9901-38EBC68704FC}.Release|x86.ActiveCfg = Release|Any CPU
		{E3C73EAB-E3A2-4A44-9901-38EBC68704FC}.Release|x86.Build.0 = Release|Any CPU
		{8B2104EA-49B1-407C-836E-E7F74938473F}.Debug|Any CPU.ActiveCfg = Debug|Any CPU
		{8B2104EA-49B1-407C-836E-E7F74938473F}.Debug|Any CPU.Build.0 = Debug|Any CPU
		{8B2104EA-49B1-407C-836E-E7F74938473F}.Debug|x64.ActiveCfg = Debug|Any CPU
		{8B2104EA-49B1-407C-836E-E7F74938473F}.Debug|x64.Build.0 = Debug|Any CPU
		{8B2104EA-49B1-407C-836E-E7F74938473F}.Debug|x86.ActiveCfg = Debug|Any CPU
		{8B2104EA-49B1-407C-836E-E7F74938473F}.Debug|x86.Build.0 = Debug|Any CPU
		{8B2104EA-49B1-407C-836E-E7F74938473F}.Release|Any CPU.ActiveCfg = Release|Any CPU
		{8B2104EA-49B1-407C-836E-E7F74938473F}.Release|Any CPU.Build.0 = Release|Any CPU
		{8B2104EA-49B1-407C-836E-E7F74938473F}.Release|x64.ActiveCfg = Release|Any CPU
		{8B2104EA-49B1-407C-836E-E7F74938473F}.Release|x64.Build.0 = Release|Any CPU
		{8B2104EA-49B1-407C-836E-E7F74938473F}.Release|x86.ActiveCfg = Release|Any CPU
		{8B2104EA-49B1-407C-836E-E7F74938473F}.Release|x86.Build.0 = Release|Any CPU
		{2F8EBB06-84D2-4C80-9F91-7AFA3A44245D}.Debug|Any CPU.ActiveCfg = Debug|Any CPU
		{2F8EBB06-84D2-4C80-9F91-7AFA3A44245D}.Debug|Any CPU.Build.0 = Debug|Any CPU
		{2F8EBB06-84D2-4C80-9F91-7AFA3A44245D}.Debug|x64.ActiveCfg = Debug|Any CPU
		{2F8EBB06-84D2-4C80-9F91-7AFA3A44245D}.Debug|x64.Build.0 = Debug|Any CPU
		{2F8EBB06-84D2-4C80-9F91-7AFA3A44245D}.Debug|x86.ActiveCfg = Debug|Any CPU
		{2F8EBB06-84D2-4C80-9F91-7AFA3A44245D}.Debug|x86.Build.0 = Debug|Any CPU
		{2F8EBB06-84D2-4C80-9F91-7AFA3A44245D}.Release|Any CPU.ActiveCfg = Release|Any CPU
		{2F8EBB06-84D2-4C80-9F91-7AFA3A44245D}.Release|Any CPU.Build.0 = Release|Any CPU
		{2F8EBB06-84D2-4C80-9F91-7AFA3A44245D}.Release|x64.ActiveCfg = Release|Any CPU
		{2F8EBB06-84D2-4C80-9F91-7AFA3A44245D}.Release|x64.Build.0 = Release|Any CPU
		{2F8EBB06-84D2-4C80-9F91-7AFA3A44245D}.Release|x86.ActiveCfg = Release|Any CPU
		{2F8EBB06-84D2-4C80-9F91-7AFA3A44245D}.Release|x86.Build.0 = Release|Any CPU
		{5E703F01-A670-4907-9306-D1831FD29496}.Debug|Any CPU.ActiveCfg = Debug|Any CPU
		{5E703F01-A670-4907-9306-D1831FD29496}.Debug|Any CPU.Build.0 = Debug|Any CPU
		{5E703F01-A670-4907-9306-D1831FD29496}.Debug|x64.ActiveCfg = Debug|Any CPU
		{5E703F01-A670-4907-9306-D1831FD29496}.Debug|x64.Build.0 = Debug|Any CPU
		{5E703F01-A670-4907-9306-D1831FD29496}.Debug|x86.ActiveCfg = Debug|Any CPU
		{5E703F01-A670-4907-9306-D1831FD29496}.Debug|x86.Build.0 = Debug|Any CPU
		{5E703F01-A670-4907-9306-D1831FD29496}.Release|Any CPU.ActiveCfg = Release|Any CPU
		{5E703F01-A670-4907-9306-D1831FD29496}.Release|Any CPU.Build.0 = Release|Any CPU
		{5E703F01-A670-4907-9306-D1831FD29496}.Release|x64.ActiveCfg = Release|Any CPU
		{5E703F01-A670-4907-9306-D1831FD29496}.Release|x64.Build.0 = Release|Any CPU
		{5E703F01-A670-4907-9306-D1831FD29496}.Release|x86.ActiveCfg = Release|Any CPU
		{5E703F01-A670-4907-9306-D1831FD29496}.Release|x86.Build.0 = Release|Any CPU
	EndGlobalSection
	GlobalSection(SolutionProperties) = preSolution
		HideSolutionNode = FALSE
	EndGlobalSection
	GlobalSection(NestedProjects) = preSolution
		{135D66D3-9C98-C624-192D-C6E4500129C8} = {827E0CD3-B72D-47B6-A68D-7590B98EB39B}
		{DDCAEF0F-2203-4F4B-A34A-608EED228A2D} = {135D66D3-9C98-C624-192D-C6E4500129C8}
		{2F2B88BB-36A3-6DF0-5CB7-20075BD337D3} = {827E0CD3-B72D-47B6-A68D-7590B98EB39B}
		{697FCEE5-28DB-4710-B186-460E6691CCD2} = {2F2B88BB-36A3-6DF0-5CB7-20075BD337D3}
		{B12402B5-A76E-1567-3501-2ED5E45B8497} = {827E0CD3-B72D-47B6-A68D-7590B98EB39B}
		{F2976944-A170-4461-84F2-7A2776E49F37} = {B12402B5-A76E-1567-3501-2ED5E45B8497}
		{ECF9B12E-BC88-B1AE-72E3-9B15582EC6BC} = {827E0CD3-B72D-47B6-A68D-7590B98EB39B}
		{DC94E9E7-69E6-4A33-942D-CDDD16C4657F} = {ECF9B12E-BC88-B1AE-72E3-9B15582EC6BC}
		{4CF58C68-955B-4650-BB30-7872114BE4E6} = {0AB3BF05-4346-4AA6-1389-037BE0695223}
		{52EE80C5-AE5B-4159-BCE8-7FEDDB21D42A} = {0AB3BF05-4346-4AA6-1389-037BE0695223}
		{3C52BD15-3C0A-4992-B6BC-16CBF636DD5C} = {0AB3BF05-4346-4AA6-1389-037BE0695223}
		{F50B7F04-B72B-3FEE-BC4A-D2D4F236E5B5} = {827E0CD3-B72D-47B6-A68D-7590B98EB39B}
		{5BC9E9BF-0C42-43B4-83DD-E59CDF4D701D} = {F50B7F04-B72B-3FEE-BC4A-D2D4F236E5B5}
		{7C9E12CF-0898-4D5F-C88A-041B936307FF} = {827E0CD3-B72D-47B6-A68D-7590B98EB39B}
		{F6764A71-0DF1-432A-8CB3-5A45C5011C3C} = {7C9E12CF-0898-4D5F-C88A-041B936307FF}
		{9872BFB6-629A-1052-9BBB-01E6FDA8B4F3} = {827E0CD3-B72D-47B6-A68D-7590B98EB39B}
		{279D19B1-8ED0-40D2-8829-45D8DB6DD474} = {9872BFB6-629A-1052-9BBB-01E6FDA8B4F3}
		{94E185C7-0DC7-4E72-BBB1-2416BC4FAB80} = {0AB3BF05-4346-4AA6-1389-037BE0695223}
		{11F33CBF-9B02-3085-03C4-57E39C89AA16} = {827E0CD3-B72D-47B6-A68D-7590B98EB39B}
		{B434C963-DD7E-473A-A65B-CE9744AA282A} = {11F33CBF-9B02-3085-03C4-57E39C89AA16}
		{104E65C6-0311-9C72-ABCE-58B3AD17A8E0} = {827E0CD3-B72D-47B6-A68D-7590B98EB39B}
		{97886D69-F740-4F00-B036-E6E92828D96D} = {104E65C6-0311-9C72-ABCE-58B3AD17A8E0}
		{3B88EF25-9385-4793-A8BC-9E19FE5AEF41} = {0AB3BF05-4346-4AA6-1389-037BE0695223}
		{2E820C96-76CB-AB85-26C6-E58EE5A4C4A2} = {827E0CD3-B72D-47B6-A68D-7590B98EB39B}
		{8D7CF36D-CBC7-49DF-B3FB-6089A7C9D5A8} = {2E820C96-76CB-AB85-26C6-E58EE5A4C4A2}
		{70B73172-81A2-ED90-2427-91077EDE6940} = {827E0CD3-B72D-47B6-A68D-7590B98EB39B}
		{B94A9EC5-945F-4868-869B-C83495D78EDC} = {70B73172-81A2-ED90-2427-91077EDE6940}
		{FD89214D-5007-E028-6619-7E577CCC9926} = {827E0CD3-B72D-47B6-A68D-7590B98EB39B}
		{C4B70825-AF59-4ED5-A34F-A6E40C517184} = {FD89214D-5007-E028-6619-7E577CCC9926}
		{78BED0B6-CFC8-5E10-B46F-F3CB67A54FE6} = {827E0CD3-B72D-47B6-A68D-7590B98EB39B}
		{0353C74A-0F8E-4849-B3A6-6680E3D331A8} = {78BED0B6-CFC8-5E10-B46F-F3CB67A54FE6}
		{3F70E8CB-0E6F-3239-9F08-7B8B0AB84C4E} = {827E0CD3-B72D-47B6-A68D-7590B98EB39B}
		{E3C73EAB-E3A2-4A44-9901-38EBC68704FC} = {3F70E8CB-0E6F-3239-9F08-7B8B0AB84C4E}
		{E45847F0-C2ED-94B5-62B1-522B154BFB30} = {827E0CD3-B72D-47B6-A68D-7590B98EB39B}
		{8B2104EA-49B1-407C-836E-E7F74938473F} = {E45847F0-C2ED-94B5-62B1-522B154BFB30}
		{2F8EBB06-84D2-4C80-9F91-7AFA3A44245D} = {0AB3BF05-4346-4AA6-1389-037BE0695223}
		{5E703F01-A670-4907-9306-D1831FD29496} = {0AB3BF05-4346-4AA6-1389-037BE0695223}
	EndGlobalSection
EndGlobal
